// !$*UTF8*$!
{
	archiveVersion = 1;
	classes = {
	};
	objectVersion = 56;
	objects = {

/* Begin PBXBuildFile section */
		6AD430692C0F8080008BD892 /* CuisineApp.swift in Sources */ = {isa = PBXBuildFile; fileRef = 6AD430682C0F8080008BD892 /* CuisineApp.swift */; };
		6AD4306B2C0F8080008BD892 /* ContentView.swift in Sources */ = {isa = PBXBuildFile; fileRef = 6AD4306A2C0F8080008BD892 /* ContentView.swift */; };
		6AD4306D2C0F8081008BD892 /* Assets.xcassets in Resources */ = {isa = PBXBuildFile; fileRef = 6AD4306C2C0F8081008BD892 /* Assets.xcassets */; };
		6AD430702C0F8081008BD892 /* Preview Assets.xcassets in Resources */ = {isa = PBXBuildFile; fileRef = 6AD4306F2C0F8081008BD892 /* Preview Assets.xcassets */; };
		6AD4307A2C0F8081008BD892 /* CuisineTests.swift in Sources */ = {isa = PBXBuildFile; fileRef = 6AD430792C0F8081008BD892 /* CuisineTests.swift */; };
		6AD430842C0F8081008BD892 /* CuisineUITests.swift in Sources */ = {isa = PBXBuildFile; fileRef = 6AD430832C0F8081008BD892 /* CuisineUITests.swift */; };
		6AD430862C0F8081008BD892 /* CuisineUITestsLaunchTests.swift in Sources */ = {isa = PBXBuildFile; fileRef = 6AD430852C0F8081008BD892 /* CuisineUITestsLaunchTests.swift */; };
/* End PBXBuildFile section */

/* Begin PBXContainerItemProxy section */
		6AD430762C0F8081008BD892 /* PBXContainerItemProxy */ = {
			isa = PBXContainerItemProxy;
			containerPortal = 6AD4305D2C0F8080008BD892 /* Project object */;
			proxyType = 1;
			remoteGlobalIDString = 6AD430642C0F8080008BD892;
			remoteInfo = Cuisine;
		};
		6AD430802C0F8081008BD892 /* PBXContainerItemProxy */ = {
			isa = PBXContainerItemProxy;
			containerPortal = 6AD4305D2C0F8080008BD892 /* Project object */;
			proxyType = 1;
			remoteGlobalIDString = 6AD430642C0F8080008BD892;
			remoteInfo = Cuisine;
		};
/* End PBXContainerItemProxy section */

/* Begin PBXFileReference section */
		6AD430652C0F8080008BD892 /* Cuisine.app */ = {isa = PBXFileReference; explicitFileType = wrapper.application; includeInIndex = 0; path = Cuisine.app; sourceTree = BUILT_PRODUCTS_DIR; };
		6AD430682C0F8080008BD892 /* CuisineApp.swift */ = {isa = PBXFileReference; lastKnownFileType = sourcecode.swift; path = CuisineApp.swift; sourceTree = "<group>"; };
		6AD4306A2C0F8080008BD892 /* ContentView.swift */ = {isa = PBXFileReference; lastKnownFileType = sourcecode.swift; path = ContentView.swift; sourceTree = "<group>"; };
		6AD4306C2C0F8081008BD892 /* Assets.xcassets */ = {isa = PBXFileReference; lastKnownFileType = folder.assetcatalog; path = Assets.xcassets; sourceTree = "<group>"; };
		6AD4306F2C0F8081008BD892 /* Preview Assets.xcassets */ = {isa = PBXFileReference; lastKnownFileType = folder.assetcatalog; path = "Preview Assets.xcassets"; sourceTree = "<group>"; };
		6AD430752C0F8081008BD892 /* CuisineTests.xctest */ = {isa = PBXFileReference; explicitFileType = wrapper.cfbundle; includeInIndex = 0; path = CuisineTests.xctest; sourceTree = BUILT_PRODUCTS_DIR; };
		6AD430792C0F8081008BD892 /* CuisineTests.swift */ = {isa = PBXFileReference; lastKnownFileType = sourcecode.swift; path = CuisineTests.swift; sourceTree = "<group>"; };
		6AD4307F2C0F8081008BD892 /* CuisineUITests.xctest */ = {isa = PBXFileReference; explicitFileType = wrapper.cfbundle; includeInIndex = 0; path = CuisineUITests.xctest; sourceTree = BUILT_PRODUCTS_DIR; };
		6AD430832C0F8081008BD892 /* CuisineUITests.swift */ = {isa = PBXFileReference; lastKnownFileType = sourcecode.swift; path = CuisineUITests.swift; sourceTree = "<group>"; };
		6AD430852C0F8081008BD892 /* CuisineUITestsLaunchTests.swift */ = {isa = PBXFileReference; lastKnownFileType = sourcecode.swift; path = CuisineUITestsLaunchTests.swift; sourceTree = "<group>"; };
/* End PBXFileReference section */

/* Begin PBXFrameworksBuildPhase section */
		6AD430622C0F8080008BD892 /* Frameworks */ = {
			isa = PBXFrameworksBuildPhase;
			buildActionMask = 2147483647;
			files = (
			);
			runOnlyForDeploymentPostprocessing = 0;
		};
		6AD430722C0F8081008BD892 /* Frameworks */ = {
			isa = PBXFrameworksBuildPhase;
			buildActionMask = 2147483647;
			files = (
			);
			runOnlyForDeploymentPostprocessing = 0;
		};
		6AD4307C2C0F8081008BD892 /* Frameworks */ = {
			isa = PBXFrameworksBuildPhase;
			buildActionMask = 2147483647;
			files = (
			);
			runOnlyForDeploymentPostprocessing = 0;
		};
/* End PBXFrameworksBuildPhase section */

/* Begin PBXGroup section */
		6AD4305C2C0F8080008BD892 = {
			isa = PBXGroup;
			children = (
				6AD430672C0F8080008BD892 /* Cuisine */,
				6AD430782C0F8081008BD892 /* CuisineTests */,
				6AD430822C0F8081008BD892 /* CuisineUITests */,
				6AD430662C0F8080008BD892 /* Products */,
			);
			sourceTree = "<group>";
		};
		6AD430662C0F8080008BD892 /* Products */ = {
			isa = PBXGroup;
			children = (
				6AD430652C0F8080008BD892 /* Cuisine.app */,
				6AD430752C0F8081008BD892 /* CuisineTests.xctest */,
				6AD4307F2C0F8081008BD892 /* CuisineUITests.xctest */,
			);
			name = Products;
			sourceTree = "<group>";
		};
		6AD430672C0F8080008BD892 /* Cuisine */ = {
			isa = PBXGroup;
			children = (
				6AD430682C0F8080008BD892 /* CuisineApp.swift */,
				6AD4306A2C0F8080008BD892 /* ContentView.swift */,
				6AD4306C2C0F8081008BD892 /* Assets.xcassets */,
				6AD4306E2C0F8081008BD892 /* Preview Content */,
			);
			path = Cuisine;
			sourceTree = "<group>";
		};
		6AD4306E2C0F8081008BD892 /* Preview Content */ = {
			isa = PBXGroup;
			children = (
				6AD4306F2C0F8081008BD892 /* Preview Assets.xcassets */,
			);
			path = "Preview Content";
			sourceTree = "<group>";
		};
		6AD430782C0F8081008BD892 /* CuisineTests */ = {
			isa = PBXGroup;
			children = (
				6AD430792C0F8081008BD892 /* CuisineTests.swift */,
			);
			path = CuisineTests;
			sourceTree = "<group>";
		};
		6AD430822C0F8081008BD892 /* CuisineUITests */ = {
			isa = PBXGroup;
			children = (
				6AD430832C0F8081008BD892 /* CuisineUITests.swift */,
				6AD430852C0F8081008BD892 /* CuisineUITestsLaunchTests.swift */,
			);
			path = CuisineUITests;
			sourceTree = "<group>";
		};
/* End PBXGroup section */

/* Begin PBXNativeTarget section */
		6AD430642C0F8080008BD892 /* Cuisine */ = {
			isa = PBXNativeTarget;
			buildConfigurationList = 6AD430892C0F8081008BD892 /* Build configuration list for PBXNativeTarget "Cuisine" */;
			buildPhases = (
				6AD430612C0F8080008BD892 /* Sources */,
				6AD430622C0F8080008BD892 /* Frameworks */,
				6AD430632C0F8080008BD892 /* Resources */,
			);
			buildRules = (
			);
			dependencies = (
			);
			name = Cuisine;
			productName = Cuisine;
			productReference = 6AD430652C0F8080008BD892 /* Cuisine.app */;
			productType = "com.apple.product-type.application";
		};
		6AD430742C0F8081008BD892 /* CuisineTests */ = {
			isa = PBXNativeTarget;
			buildConfigurationList = 6AD4308C2C0F8081008BD892 /* Build configuration list for PBXNativeTarget "CuisineTests" */;
			buildPhases = (
				6AD430712C0F8081008BD892 /* Sources */,
				6AD430722C0F8081008BD892 /* Frameworks */,
				6AD430732C0F8081008BD892 /* Resources */,
			);
			buildRules = (
			);
			dependencies = (
				6AD430772C0F8081008BD892 /* PBXTargetDependency */,
			);
			name = CuisineTests;
			productName = CuisineTests;
			productReference = 6AD430752C0F8081008BD892 /* CuisineTests.xctest */;
			productType = "com.apple.product-type.bundle.unit-test";
		};
		6AD4307E2C0F8081008BD892 /* CuisineUITests */ = {
			isa = PBXNativeTarget;
			buildConfigurationList = 6AD4308F2C0F8081008BD892 /* Build configuration list for PBXNativeTarget "CuisineUITests" */;
			buildPhases = (
				6AD4307B2C0F8081008BD892 /* Sources */,
				6AD4307C2C0F8081008BD892 /* Frameworks */,
				6AD4307D2C0F8081008BD892 /* Resources */,
			);
			buildRules = (
			);
			dependencies = (
				6AD430812C0F8081008BD892 /* PBXTargetDependency */,
			);
			name = CuisineUITests;
			productName = CuisineUITests;
			productReference = 6AD4307F2C0F8081008BD892 /* CuisineUITests.xctest */;
			productType = "com.apple.product-type.bundle.ui-testing";
		};
/* End PBXNativeTarget section */

/* Begin PBXProject section */
		6AD4305D2C0F8080008BD892 /* Project object */ = {
			isa = PBXProject;
			attributes = {
				BuildIndependentTargetsInParallel = 1;
				LastSwiftUpdateCheck = 1540;
				LastUpgradeCheck = 1540;
				TargetAttributes = {
					6AD430642C0F8080008BD892 = {
						CreatedOnToolsVersion = 15.4;
					};
					6AD430742C0F8081008BD892 = {
						CreatedOnToolsVersion = 15.4;
						TestTargetID = 6AD430642C0F8080008BD892;
					};
					6AD4307E2C0F8081008BD892 = {
						CreatedOnToolsVersion = 15.4;
						TestTargetID = 6AD430642C0F8080008BD892;
					};
				};
			};
			buildConfigurationList = 6AD430602C0F8080008BD892 /* Build configuration list for PBXProject "Cuisine" */;
			compatibilityVersion = "Xcode 14.0";
			developmentRegion = en;
			hasScannedForEncodings = 0;
			knownRegions = (
				en,
				Base,
			);
			mainGroup = 6AD4305C2C0F8080008BD892;
			productRefGroup = 6AD430662C0F8080008BD892 /* Products */;
			projectDirPath = "";
			projectRoot = "";
			targets = (
				6AD430642C0F8080008BD892 /* Cuisine */,
				6AD430742C0F8081008BD892 /* CuisineTests */,
				6AD4307E2C0F8081008BD892 /* CuisineUITests */,
			);
		};
/* End PBXProject section */

/* Begin PBXResourcesBuildPhase section */
		6AD430632C0F8080008BD892 /* Resources */ = {
			isa = PBXResourcesBuildPhase;
			buildActionMask = 2147483647;
			files = (
				6AD430702C0F8081008BD892 /* Preview Assets.xcassets in Resources */,
				6AD4306D2C0F8081008BD892 /* Assets.xcassets in Resources */,
			);
			runOnlyForDeploymentPostprocessing = 0;
		};
		6AD430732C0F8081008BD892 /* Resources */ = {
			isa = PBXResourcesBuildPhase;
			buildActionMask = 2147483647;
			files = (
			);
			runOnlyForDeploymentPostprocessing = 0;
		};
		6AD4307D2C0F8081008BD892 /* Resources */ = {
			isa = PBXResourcesBuildPhase;
			buildActionMask = 2147483647;
			files = (
			);
			runOnlyForDeploymentPostprocessing = 0;
		};
/* End PBXResourcesBuildPhase section */

/* Begin PBXSourcesBuildPhase section */
		6AD430612C0F8080008BD892 /* Sources */ = {
			isa = PBXSourcesBuildPhase;
			buildActionMask = 2147483647;
			files = (
				6AD4306B2C0F8080008BD892 /* ContentView.swift in Sources */,
				6AD430692C0F8080008BD892 /* CuisineApp.swift in Sources */,
			);
			runOnlyForDeploymentPostprocessing = 0;
		};
		6AD430712C0F8081008BD892 /* Sources */ = {
			isa = PBXSourcesBuildPhase;
			buildActionMask = 2147483647;
			files = (
				6AD4307A2C0F8081008BD892 /* CuisineTests.swift in Sources */,
			);
			runOnlyForDeploymentPostprocessing = 0;
		};
		6AD4307B2C0F8081008BD892 /* Sources */ = {
			isa = PBXSourcesBuildPhase;
			buildActionMask = 2147483647;
			files = (
				6AD430842C0F8081008BD892 /* CuisineUITests.swift in Sources */,
				6AD430862C0F8081008BD892 /* CuisineUITestsLaunchTests.swift in Sources */,
			);
			runOnlyForDeploymentPostprocessing = 0;
		};
/* End PBXSourcesBuildPhase section */

/* Begin PBXTargetDependency section */
		6AD430772C0F8081008BD892 /* PBXTargetDependency */ = {
			isa = PBXTargetDependency;
			target = 6AD430642C0F8080008BD892 /* Cuisine */;
			targetProxy = 6AD430762C0F8081008BD892 /* PBXContainerItemProxy */;
		};
		6AD430812C0F8081008BD892 /* PBXTargetDependency */ = {
			isa = PBXTargetDependency;
			target = 6AD430642C0F8080008BD892 /* Cuisine */;
			targetProxy = 6AD430802C0F8081008BD892 /* PBXContainerItemProxy */;
		};
/* End PBXTargetDependency section */

/* Begin XCBuildConfiguration section */
		6AD430872C0F8081008BD892 /* Debug */ = {
			isa = XCBuildConfiguration;
			buildSettings = {
				ALWAYS_SEARCH_USER_PATHS = NO;
				ASSETCATALOG_COMPILER_GENERATE_SWIFT_ASSET_SYMBOL_EXTENSIONS = YES;
				CLANG_ANALYZER_NONNULL = YES;
				CLANG_ANALYZER_NUMBER_OBJECT_CONVERSION = YES_AGGRESSIVE;
				CLANG_CXX_LANGUAGE_STANDARD = "gnu++20";
				CLANG_ENABLE_MODULES = YES;
				CLANG_ENABLE_OBJC_ARC = YES;
				CLANG_ENABLE_OBJC_WEAK = YES;
				CLANG_WARN_BLOCK_CAPTURE_AUTORELEASING = YES;
				CLANG_WARN_BOOL_CONVERSION = YES;
				CLANG_WARN_COMMA = YES;
				CLANG_WARN_CONSTANT_CONVERSION = YES;
				CLANG_WARN_DEPRECATED_OBJC_IMPLEMENTATIONS = YES;
				CLANG_WARN_DIRECT_OBJC_ISA_USAGE = YES_ERROR;
				CLANG_WARN_DOCUMENTATION_COMMENTS = YES;
				CLANG_WARN_EMPTY_BODY = YES;
				CLANG_WARN_ENUM_CONVERSION = YES;
				CLANG_WARN_INFINITE_RECURSION = YES;
				CLANG_WARN_INT_CONVERSION = YES;
				CLANG_WARN_NON_LITERAL_NULL_CONVERSION = YES;
				CLANG_WARN_OBJC_IMPLICIT_RETAIN_SELF = YES;
				CLANG_WARN_OBJC_LITERAL_CONVERSION = YES;
				CLANG_WARN_OBJC_ROOT_CLASS = YES_ERROR;
				CLANG_WARN_QUOTED_INCLUDE_IN_FRAMEWORK_HEADER = YES;
				CLANG_WARN_RANGE_LOOP_ANALYSIS = YES;
				CLANG_WARN_STRICT_PROTOTYPES = YES;
				CLANG_WARN_SUSPICIOUS_MOVE = YES;
				CLANG_WARN_UNGUARDED_AVAILABILITY = YES_AGGRESSIVE;
				CLANG_WARN_UNREACHABLE_CODE = YES;
				CLANG_WARN__DUPLICATE_METHOD_MATCH = YES;
				COPY_PHASE_STRIP = NO;
				DEBUG_INFORMATION_FORMAT = dwarf;
				ENABLE_STRICT_OBJC_MSGSEND = YES;
				ENABLE_TESTABILITY = YES;
				ENABLE_USER_SCRIPT_SANDBOXING = YES;
				GCC_C_LANGUAGE_STANDARD = gnu17;
				GCC_DYNAMIC_NO_PIC = NO;
				GCC_NO_COMMON_BLOCKS = YES;
				GCC_OPTIMIZATION_LEVEL = 0;
				GCC_PREPROCESSOR_DEFINITIONS = (
					"DEBUG=1",
					"$(inherited)",
				);
				GCC_WARN_64_TO_32_BIT_CONVERSION = YES;
				GCC_WARN_ABOUT_RETURN_TYPE = YES_ERROR;
				GCC_WARN_UNDECLARED_SELECTOR = YES;
				GCC_WARN_UNINITIALIZED_AUTOS = YES_AGGRESSIVE;
				GCC_WARN_UNUSED_FUNCTION = YES;
				GCC_WARN_UNUSED_VARIABLE = YES;
				IPHONEOS_DEPLOYMENT_TARGET = 17.5;
				LOCALIZATION_PREFERS_STRING_CATALOGS = YES;
				MTL_ENABLE_DEBUG_INFO = INCLUDE_SOURCE;
				MTL_FAST_MATH = YES;
				ONLY_ACTIVE_ARCH = YES;
				SDKROOT = iphoneos;
				SWIFT_ACTIVE_COMPILATION_CONDITIONS = "DEBUG $(inherited)";
				SWIFT_OPTIMIZATION_LEVEL = "-Onone";
			};
			name = Debug;
		};
		6AD430882C0F8081008BD892 /* Release */ = {
			isa = XCBuildConfiguration;
			buildSettings = {
				ALWAYS_SEARCH_USER_PATHS = NO;
				ASSETCATALOG_COMPILER_GENERATE_SWIFT_ASSET_SYMBOL_EXTENSIONS = YES;
				CLANG_ANALYZER_NONNULL = YES;
				CLANG_ANALYZER_NUMBER_OBJECT_CONVERSION = YES_AGGRESSIVE;
				CLANG_CXX_LANGUAGE_STANDARD = "gnu++20";
				CLANG_ENABLE_MODULES = YES;
				CLANG_ENABLE_OBJC_ARC = YES;
				CLANG_ENABLE_OBJC_WEAK = YES;
				CLANG_WARN_BLOCK_CAPTURE_AUTORELEASING = YES;
				CLANG_WARN_BOOL_CONVERSION = YES;
				CLANG_WARN_COMMA = YES;
				CLANG_WARN_CONSTANT_CONVERSION = YES;
				CLANG_WARN_DEPRECATED_OBJC_IMPLEMENTATIONS = YES;
				CLANG_WARN_DIRECT_OBJC_ISA_USAGE = YES_ERROR;
				CLANG_WARN_DOCUMENTATION_COMMENTS = YES;
				CLANG_WARN_EMPTY_BODY = YES;
				CLANG_WARN_ENUM_CONVERSION = YES;
				CLANG_WARN_INFINITE_RECURSION = YES;
				CLANG_WARN_INT_CONVERSION = YES;
				CLANG_WARN_NON_LITERAL_NULL_CONVERSION = YES;
				CLANG_WARN_OBJC_IMPLICIT_RETAIN_SELF = YES;
				CLANG_WARN_OBJC_LITERAL_CONVERSION = YES;
				CLANG_WARN_OBJC_ROOT_CLASS = YES_ERROR;
				CLANG_WARN_QUOTED_INCLUDE_IN_FRAMEWORK_HEADER = YES;
				CLANG_WARN_RANGE_LOOP_ANALYSIS = YES;
				CLANG_WARN_STRICT_PROTOTYPES = YES;
				CLANG_WARN_SUSPICIOUS_MOVE = YES;
				CLANG_WARN_UNGUARDED_AVAILABILITY = YES_AGGRESSIVE;
				CLANG_WARN_UNREACHABLE_CODE = YES;
				CLANG_WARN__DUPLICATE_METHOD_MATCH = YES;
				COPY_PHASE_STRIP = NO;
				DEBUG_INFORMATION_FORMAT = "dwarf-with-dsym";
				ENABLE_NS_ASSERTIONS = NO;
				ENABLE_STRICT_OBJC_MSGSEND = YES;
				ENABLE_USER_SCRIPT_SANDBOXING = YES;
				GCC_C_LANGUAGE_STANDARD = gnu17;
				GCC_NO_COMMON_BLOCKS = YES;
				GCC_WARN_64_TO_32_BIT_CONVERSION = YES;
				GCC_WARN_ABOUT_RETURN_TYPE = YES_ERROR;
				GCC_WARN_UNDECLARED_SELECTOR = YES;
				GCC_WARN_UNINITIALIZED_AUTOS = YES_AGGRESSIVE;
				GCC_WARN_UNUSED_FUNCTION = YES;
				GCC_WARN_UNUSED_VARIABLE = YES;
				IPHONEOS_DEPLOYMENT_TARGET = 17.5;
				LOCALIZATION_PREFERS_STRING_CATALOGS = YES;
				MTL_ENABLE_DEBUG_INFO = NO;
				MTL_FAST_MATH = YES;
				SDKROOT = iphoneos;
				SWIFT_COMPILATION_MODE = wholemodule;
				VALIDATE_PRODUCT = YES;
			};
			name = Release;
		};
		6AD4308A2C0F8081008BD892 /* Debug */ = {
			isa = XCBuildConfiguration;
			buildSettings = {
				ASSETCATALOG_COMPILER_APPICON_NAME = AppIcon;
				ASSETCATALOG_COMPILER_GLOBAL_ACCENT_COLOR_NAME = AccentColor;
				CODE_SIGN_STYLE = Automatic;
				CURRENT_PROJECT_VERSION = 1;
				DEVELOPMENT_ASSET_PATHS = "\"Cuisine/Preview Content\"";
				DEVELOPMENT_TEAM = J9S8P7XX49;
				ENABLE_PREVIEWS = YES;
				GENERATE_INFOPLIST_FILE = YES;
				INFOPLIST_KEY_UIApplicationSceneManifest_Generation = YES;
				INFOPLIST_KEY_UIApplicationSupportsIndirectInputEvents = YES;
				INFOPLIST_KEY_UILaunchScreen_Generation = YES;
				INFOPLIST_KEY_UISupportedInterfaceOrientations_iPad = "UIInterfaceOrientationPortrait UIInterfaceOrientationPortraitUpsideDown UIInterfaceOrientationLandscapeLeft UIInterfaceOrientationLandscapeRight";
				INFOPLIST_KEY_UISupportedInterfaceOrientations_iPhone = "UIInterfaceOrientationPortrait UIInterfaceOrientationLandscapeLeft UIInterfaceOrientationLandscapeRight";
				LD_RUNPATH_SEARCH_PATHS = (
					"$(inherited)",
					"@executable_path/Frameworks",
				);
				MARKETING_VERSION = 1.0;
				PRODUCT_BUNDLE_IDENTIFIER = com.nolanfuchs.Cuisine;
				PRODUCT_NAME = "$(TARGET_NAME)";
				SWIFT_EMIT_LOC_STRINGS = YES;
				SWIFT_VERSION = 5.0;
				TARGETED_DEVICE_FAMILY = "1,2";
			};
			name = Debug;
		};
		6AD4308B2C0F8081008BD892 /* Release */ = {
			isa = XCBuildConfiguration;
			buildSettings = {
				ASSETCATALOG_COMPILER_APPICON_NAME = AppIcon;
				ASSETCATALOG_COMPILER_GLOBAL_ACCENT_COLOR_NAME = AccentColor;
				CODE_SIGN_STYLE = Automatic;
				CURRENT_PROJECT_VERSION = 1;
				DEVELOPMENT_ASSET_PATHS = "\"Cuisine/Preview Content\"";
				DEVELOPMENT_TEAM = J9S8P7XX49;
				ENABLE_PREVIEWS = YES;
				GENERATE_INFOPLIST_FILE = YES;
				INFOPLIST_KEY_UIApplicationSceneManifest_Generation = YES;
				INFOPLIST_KEY_UIApplicationSupportsIndirectInputEvents = YES;
				INFOPLIST_KEY_UILaunchScreen_Generation = YES;
				INFOPLIST_KEY_UISupportedInterfaceOrientations_iPad = "UIInterfaceOrientationPortrait UIInterfaceOrientationPortraitUpsideDown UIInterfaceOrientationLandscapeLeft UIInterfaceOrientationLandscapeRight";
				INFOPLIST_KEY_UISupportedInterfaceOrientations_iPhone = "UIInterfaceOrientationPortrait UIInterfaceOrientationLandscapeLeft UIInterfaceOrientationLandscapeRight";
				LD_RUNPATH_SEARCH_PATHS = (
					"$(inherited)",
					"@executable_path/Frameworks",
				);
				MARKETING_VERSION = 1.0;
				PRODUCT_BUNDLE_IDENTIFIER = com.nolanfuchs.Cuisine;
				PRODUCT_NAME = "$(TARGET_NAME)";
				SWIFT_EMIT_LOC_STRINGS = YES;
				SWIFT_VERSION = 5.0;
				TARGETED_DEVICE_FAMILY = "1,2";
			};
			name = Release;
		};
		6AD4308D2C0F8081008BD892 /* Debug */ = {
			isa = XCBuildConfiguration;
			buildSettings = {
				ALWAYS_EMBED_SWIFT_STANDARD_LIBRARIES = YES;
				BUNDLE_LOADER = "$(TEST_HOST)";
				CODE_SIGN_STYLE = Automatic;
				CURRENT_PROJECT_VERSION = 1;
				DEVELOPMENT_TEAM = J9S8P7XX49;
				GENERATE_INFOPLIST_FILE = YES;
				IPHONEOS_DEPLOYMENT_TARGET = 17.5;
				MARKETING_VERSION = 1.0;
				PRODUCT_BUNDLE_IDENTIFIER = com.nolanfuchs.CuisineTests;
				PRODUCT_NAME = "$(TARGET_NAME)";
				SWIFT_EMIT_LOC_STRINGS = NO;
				SWIFT_VERSION = 5.0;
				TARGETED_DEVICE_FAMILY = "1,2";
				TEST_HOST = "$(BUILT_PRODUCTS_DIR)/Cuisine.app/$(BUNDLE_EXECUTABLE_FOLDER_PATH)/Cuisine";
			};
			name = Debug;
		};
		6AD4308E2C0F8081008BD892 /* Release */ = {
			isa = XCBuildConfiguration;
			buildSettings = {
				ALWAYS_EMBED_SWIFT_STANDARD_LIBRARIES = YES;
				BUNDLE_LOADER = "$(TEST_HOST)";
				CODE_SIGN_STYLE = Automatic;
				CURRENT_PROJECT_VERSION = 1;
				DEVELOPMENT_TEAM = J9S8P7XX49;
				GENERATE_INFOPLIST_FILE = YES;
				IPHONEOS_DEPLOYMENT_TARGET = 17.5;
				MARKETING_VERSION = 1.0;
				PRODUCT_BUNDLE_IDENTIFIER = com.nolanfuchs.CuisineTests;
				PRODUCT_NAME = "$(TARGET_NAME)";
				SWIFT_EMIT_LOC_STRINGS = NO;
				SWIFT_VERSION = 5.0;
				TARGETED_DEVICE_FAMILY = "1,2";
				TEST_HOST = "$(BUILT_PRODUCTS_DIR)/Cuisine.app/$(BUNDLE_EXECUTABLE_FOLDER_PATH)/Cuisine";
			};
			name = Release;
		};
		6AD430902C0F8081008BD892 /* Debug */ = {
			isa = XCBuildConfiguration;
			buildSettings = {
				ALWAYS_EMBED_SWIFT_STANDARD_LIBRARIES = YES;
				CODE_SIGN_STYLE = Automatic;
				CURRENT_PROJECT_VERSION = 1;
				DEVELOPMENT_TEAM = J9S8P7XX49;
				GENERATE_INFOPLIST_FILE = YES;
				MARKETING_VERSION = 1.0;
				PRODUCT_BUNDLE_IDENTIFIER = com.nolanfuchs.CuisineUITests;
				PRODUCT_NAME = "$(TARGET_NAME)";
				SWIFT_EMIT_LOC_STRINGS = NO;
				SWIFT_VERSION = 5.0;
				TARGETED_DEVICE_FAMILY = "1,2";
				TEST_TARGET_NAME = Cuisine;
			};
			name = Debug;
		};
		6AD430912C0F8081008BD892 /* Release */ = {
			isa = XCBuildConfiguration;
			buildSettings = {
				ALWAYS_EMBED_SWIFT_STANDARD_LIBRARIES = YES;
				CODE_SIGN_STYLE = Automatic;
				CURRENT_PROJECT_VERSION = 1;
				DEVELOPMENT_TEAM = J9S8P7XX49;
				GENERATE_INFOPLIST_FILE = YES;
				MARKETING_VERSION = 1.0;
				PRODUCT_BUNDLE_IDENTIFIER = com.nolanfuchs.CuisineUITests;
				PRODUCT_NAME = "$(TARGET_NAME)";
				SWIFT_EMIT_LOC_STRINGS = NO;
				SWIFT_VERSION = 5.0;
				TARGETED_DEVICE_FAMILY = "1,2";
				TEST_TARGET_NAME = Cuisine;
			};
			name = Release;
		};
/* End XCBuildConfiguration section */

/* Begin XCConfigurationList section */
		6AD430602C0F8080008BD892 /* Build configuration list for PBXProject "Cuisine" */ = {
			isa = XCConfigurationList;
			buildConfigurations = (
				6AD430872C0F8081008BD892 /* Debug */,
				6AD430882C0F8081008BD892 /* Release */,
			);
			defaultConfigurationIsVisible = 0;
			defaultConfigurationName = Release;
		};
		6AD430892C0F8081008BD892 /* Build configuration list for PBXNativeTarget "Cuisine" */ = {
			isa = XCConfigurationList;
			buildConfigurations = (
				6AD4308A2C0F8081008BD892 /* Debug */,
				6AD4308B2C0F8081008BD892 /* Release */,
			);
			defaultConfigurationIsVisible = 0;
			defaultConfigurationName = Release;
		};
		6AD4308C2C0F8081008BD892 /* Build configuration list for PBXNativeTarget "CuisineTests" */ = {
			isa = XCConfigurationList;
			buildConfigurations = (
				6AD4308D2C0F8081008BD892 /* Debug */,
				6AD4308E2C0F8081008BD892 /* Release */,
			);
			defaultConfigurationIsVisible = 0;
			defaultConfigurationName = Release;
		};
		6AD4308F2C0F8081008BD892 /* Build configuration list for PBXNativeTarget "CuisineUITests" */ = {
			isa = XCConfigurationList;
			buildConfigurations = (
				6AD430902C0F8081008BD892 /* Debug */,
				6AD430912C0F8081008BD892 /* Release */,
			);
			defaultConfigurationIsVisible = 0;
			defaultConfigurationName = Release;
		};
/* End XCConfigurationList section */
	};
	rootObject = 6AD4305D2C0F8080008BD892 /* Project object */;
}
