// !$*UTF8*$!
{
	archiveVersion = 1;
	classes = {
	};
	objectVersion = 56;
	objects = {

/* Begin PBXBuildFile section */
		6A3C946E2C1621220082BF8F /* URLSession+.swift in Sources */ = {isa = PBXBuildFile; fileRef = 6A3C946D2C1621220082BF8F /* URLSession+.swift */; };
		6A3C94702C1621310082BF8F /* URLRequest+.swift in Sources */ = {isa = PBXBuildFile; fileRef = 6A3C946F2C1621310082BF8F /* URLRequest+.swift */; };
		6A49968D2C1418B300E2A92A /* RecipeDetailsHeaderView.swift in Sources */ = {isa = PBXBuildFile; fileRef = 6A49968C2C1418B300E2A92A /* RecipeDetailsHeaderView.swift */; };
		6A49968F2C141A9700E2A92A /* RecipeDetailsAboutView.swift in Sources */ = {isa = PBXBuildFile; fileRef = 6A49968E2C141A9700E2A92A /* RecipeDetailsAboutView.swift */; };
		6A4996912C141BC500E2A92A /* RecipeDetailsIngredientsView.swift in Sources */ = {isa = PBXBuildFile; fileRef = 6A4996902C141BC500E2A92A /* RecipeDetailsIngredientsView.swift */; };
		6A4996932C141CD800E2A92A /* RecipeDetailsInstructionsView.swift in Sources */ = {isa = PBXBuildFile; fileRef = 6A4996922C141CD800E2A92A /* RecipeDetailsInstructionsView.swift */; };
		6A4996952C141D8400E2A92A /* RecipeDetailsTagsView.swift in Sources */ = {isa = PBXBuildFile; fileRef = 6A4996942C141D8400E2A92A /* RecipeDetailsTagsView.swift */; };
		6A4996992C149EA100E2A92A /* SkeletonDetailsView.swift in Sources */ = {isa = PBXBuildFile; fileRef = 6A4996982C149EA100E2A92A /* SkeletonDetailsView.swift */; };
		6A49969B2C14A4D200E2A92A /* EmptyDetailsView.swift in Sources */ = {isa = PBXBuildFile; fileRef = 6A49969A2C14A4D200E2A92A /* EmptyDetailsView.swift */; };
		6A49969D2C14AB0400E2A92A /* MealDetailAbout.swift in Sources */ = {isa = PBXBuildFile; fileRef = 6A49969C2C14AB0400E2A92A /* MealDetailAbout.swift */; };
		6A49969E2C14BFEB00E2A92A /* Meal.swift in Sources */ = {isa = PBXBuildFile; fileRef = 6A7D8CB62C136C1F001764B9 /* Meal.swift */; };
		6A4996A02C14CCE900E2A92A /* MealCategory.swift in Sources */ = {isa = PBXBuildFile; fileRef = 6A7D8CBE2C138CA8001764B9 /* MealCategory.swift */; };
		6A4996A12C14CCE900E2A92A /* MealCategory.swift in Sources */ = {isa = PBXBuildFile; fileRef = 6A7D8CBE2C138CA8001764B9 /* MealCategory.swift */; };
		6A4996A22C14CD6500E2A92A /* MealFilter.swift in Sources */ = {isa = PBXBuildFile; fileRef = 6A7D8CC82C138E84001764B9 /* MealFilter.swift */; };
		6A60E2182C13D28300194166 /* RoundedRectBackground.swift in Sources */ = {isa = PBXBuildFile; fileRef = 6A60E2172C13D28300194166 /* RoundedRectBackground.swift */; };
		6A60E21A2C13D2AB00194166 /* View+.swift in Sources */ = {isa = PBXBuildFile; fileRef = 6A60E2192C13D2AB00194166 /* View+.swift */; };
		6A60E21C2C13D68700194166 /* RecipeDetailsView.swift in Sources */ = {isa = PBXBuildFile; fileRef = 6A60E21B2C13D68700194166 /* RecipeDetailsView.swift */; };
		6A60E21E2C13E8D300194166 /* MealDetailsResponse.swift in Sources */ = {isa = PBXBuildFile; fileRef = 6A60E21D2C13E8D300194166 /* MealDetailsResponse.swift */; };
		6A7D8CB72C136C1F001764B9 /* Meal.swift in Sources */ = {isa = PBXBuildFile; fileRef = 6A7D8CB62C136C1F001764B9 /* Meal.swift */; };
		6A7D8CB92C137B8D001764B9 /* FetchAPI.swift in Sources */ = {isa = PBXBuildFile; fileRef = 6A7D8CB82C137B8D001764B9 /* FetchAPI.swift */; };
		6A7D8CBC2C138C46001764B9 /* MealDetail.swift in Sources */ = {isa = PBXBuildFile; fileRef = 6A7D8CBB2C138C46001764B9 /* MealDetail.swift */; };
		6A7D8CBF2C138CA8001764B9 /* MealCategory.swift in Sources */ = {isa = PBXBuildFile; fileRef = 6A7D8CBE2C138CA8001764B9 /* MealCategory.swift */; };
		6A7D8CC22C138CF8001764B9 /* EdgeInsets+.swift in Sources */ = {isa = PBXBuildFile; fileRef = 6A7D8CC12C138CF8001764B9 /* EdgeInsets+.swift */; };
		6A7D8CC62C138DA3001764B9 /* MainViewModel.swift in Sources */ = {isa = PBXBuildFile; fileRef = 6A7D8CC52C138DA3001764B9 /* MainViewModel.swift */; };
		6A7D8CC92C138E84001764B9 /* MealFilter.swift in Sources */ = {isa = PBXBuildFile; fileRef = 6A7D8CC82C138E84001764B9 /* MealFilter.swift */; };
		6A7D8CCC2C138F81001764B9 /* MealService.swift in Sources */ = {isa = PBXBuildFile; fileRef = 6A7D8CCB2C138F81001764B9 /* MealService.swift */; };
		6A7D8CCE2C1391C5001764B9 /* MealsResponse.swift in Sources */ = {isa = PBXBuildFile; fileRef = 6A7D8CCD2C1391C5001764B9 /* MealsResponse.swift */; };
		6A7D8CD02C1399DA001764B9 /* EmptyMealsView.swift in Sources */ = {isa = PBXBuildFile; fileRef = 6A7D8CCF2C1399DA001764B9 /* EmptyMealsView.swift */; };
		6A7D8CD22C139B25001764B9 /* SkeletonMealsView.swift in Sources */ = {isa = PBXBuildFile; fileRef = 6A7D8CD12C139B25001764B9 /* SkeletonMealsView.swift */; };
		6A7D8CD42C13A08B001764B9 /* MealCategoryView.swift in Sources */ = {isa = PBXBuildFile; fileRef = 6A7D8CD32C13A08B001764B9 /* MealCategoryView.swift */; };
		6A7D8CD82C13A1F2001764B9 /* RecipeView.swift in Sources */ = {isa = PBXBuildFile; fileRef = 6A7D8CD72C13A1F2001764B9 /* RecipeView.swift */; };
		6A7D8CDA2C13AEA2001764B9 /* MealFilterButton.swift in Sources */ = {isa = PBXBuildFile; fileRef = 6A7D8CD92C13AEA2001764B9 /* MealFilterButton.swift */; };
		6A7D8CDD2C13B6E6001764B9 /* ImageCache.swift in Sources */ = {isa = PBXBuildFile; fileRef = 6A7D8CDC2C13B6E6001764B9 /* ImageCache.swift */; };
		6A8FFECF2C13CC0D00197258 /* MealError.swift in Sources */ = {isa = PBXBuildFile; fileRef = 6A8FFECE2C13CC0D00197258 /* MealError.swift */; };
		6AD288CD2C18BBA4003A8F40 /* SectionTitle.swift in Sources */ = {isa = PBXBuildFile; fileRef = 6AD288CC2C18BBA4003A8F40 /* SectionTitle.swift */; };
		6AD288D02C18CB7E003A8F40 /* Network.swift in Sources */ = {isa = PBXBuildFile; fileRef = 6AD288CF2C18CB7B003A8F40 /* Network.swift */; };
		6AD288D42C18D405003A8F40 /* CuisineNetworkTests.swift in Sources */ = {isa = PBXBuildFile; fileRef = 6AD288D32C18D3FC003A8F40 /* CuisineNetworkTests.swift */; };
		6AD288D72C18D618003A8F40 /* MockURLProtocol.swift in Sources */ = {isa = PBXBuildFile; fileRef = 6AD288D62C18D604003A8F40 /* MockURLProtocol.swift */; };
		6AD288D92C18D7DB003A8F40 /* MockDataJSON.swift in Sources */ = {isa = PBXBuildFile; fileRef = 6AD288D82C18D7D6003A8F40 /* MockDataJSON.swift */; };
		6AD430692C0F8080008BD892 /* CuisineApp.swift in Sources */ = {isa = PBXBuildFile; fileRef = 6AD430682C0F8080008BD892 /* CuisineApp.swift */; };
		6AD4306B2C0F8080008BD892 /* MainView.swift in Sources */ = {isa = PBXBuildFile; fileRef = 6AD4306A2C0F8080008BD892 /* MainView.swift */; };
		6AD4306D2C0F8081008BD892 /* Assets.xcassets in Resources */ = {isa = PBXBuildFile; fileRef = 6AD4306C2C0F8081008BD892 /* Assets.xcassets */; };
		6AD430702C0F8081008BD892 /* Preview Assets.xcassets in Resources */ = {isa = PBXBuildFile; fileRef = 6AD4306F2C0F8081008BD892 /* Preview Assets.xcassets */; };
		6AD4307A2C0F8081008BD892 /* CuisineTests.swift in Sources */ = {isa = PBXBuildFile; fileRef = 6AD430792C0F8081008BD892 /* CuisineTests.swift */; };
		6AD430842C0F8081008BD892 /* CuisineUITests.swift in Sources */ = {isa = PBXBuildFile; fileRef = 6AD430832C0F8081008BD892 /* CuisineUITests.swift */; };
		6AD430862C0F8081008BD892 /* CuisineUITestsLaunchTests.swift in Sources */ = {isa = PBXBuildFile; fileRef = 6AD430852C0F8081008BD892 /* CuisineUITestsLaunchTests.swift */; };
/* End PBXBuildFile section */

/* Begin PBXContainerItemProxy section */
		6AD430762C0F8081008BD892 /* PBXContainerItemProxy */ = {
			isa = PBXContainerItemProxy;
			containerPortal = 6AD4305D2C0F8080008BD892 /* Project object */;
			proxyType = 1;
			remoteGlobalIDString = 6AD430642C0F8080008BD892;
			remoteInfo = Cuisine;
		};
		6AD430802C0F8081008BD892 /* PBXContainerItemProxy */ = {
			isa = PBXContainerItemProxy;
			containerPortal = 6AD4305D2C0F8080008BD892 /* Project object */;
			proxyType = 1;
			remoteGlobalIDString = 6AD430642C0F8080008BD892;
			remoteInfo = Cuisine;
		};
/* End PBXContainerItemProxy section */

/* Begin PBXFileReference section */
		6A3C946D2C1621220082BF8F /* URLSession+.swift */ = {isa = PBXFileReference; fileEncoding = 4; lastKnownFileType = sourcecode.swift; path = "URLSession+.swift"; sourceTree = "<group>"; };
		6A3C946F2C1621310082BF8F /* URLRequest+.swift */ = {isa = PBXFileReference; fileEncoding = 4; lastKnownFileType = sourcecode.swift; path = "URLRequest+.swift"; sourceTree = "<group>"; };
		6A49968C2C1418B300E2A92A /* RecipeDetailsHeaderView.swift */ = {isa = PBXFileReference; lastKnownFileType = sourcecode.swift; path = RecipeDetailsHeaderView.swift; sourceTree = "<group>"; };
		6A49968E2C141A9700E2A92A /* RecipeDetailsAboutView.swift */ = {isa = PBXFileReference; lastKnownFileType = sourcecode.swift; path = RecipeDetailsAboutView.swift; sourceTree = "<group>"; };
		6A4996902C141BC500E2A92A /* RecipeDetailsIngredientsView.swift */ = {isa = PBXFileReference; lastKnownFileType = sourcecode.swift; path = RecipeDetailsIngredientsView.swift; sourceTree = "<group>"; };
		6A4996922C141CD800E2A92A /* RecipeDetailsInstructionsView.swift */ = {isa = PBXFileReference; lastKnownFileType = sourcecode.swift; path = RecipeDetailsInstructionsView.swift; sourceTree = "<group>"; };
		6A4996942C141D8400E2A92A /* RecipeDetailsTagsView.swift */ = {isa = PBXFileReference; lastKnownFileType = sourcecode.swift; path = RecipeDetailsTagsView.swift; sourceTree = "<group>"; };
		6A4996982C149EA100E2A92A /* SkeletonDetailsView.swift */ = {isa = PBXFileReference; lastKnownFileType = sourcecode.swift; path = SkeletonDetailsView.swift; sourceTree = "<group>"; };
		6A49969A2C14A4D200E2A92A /* EmptyDetailsView.swift */ = {isa = PBXFileReference; lastKnownFileType = sourcecode.swift; path = EmptyDetailsView.swift; sourceTree = "<group>"; };
		6A49969C2C14AB0400E2A92A /* MealDetailAbout.swift */ = {isa = PBXFileReference; lastKnownFileType = sourcecode.swift; path = MealDetailAbout.swift; sourceTree = "<group>"; };
		6A60E2172C13D28300194166 /* RoundedRectBackground.swift */ = {isa = PBXFileReference; lastKnownFileType = sourcecode.swift; path = RoundedRectBackground.swift; sourceTree = "<group>"; };
		6A60E2192C13D2AB00194166 /* View+.swift */ = {isa = PBXFileReference; lastKnownFileType = sourcecode.swift; path = "View+.swift"; sourceTree = "<group>"; };
		6A60E21B2C13D68700194166 /* RecipeDetailsView.swift */ = {isa = PBXFileReference; lastKnownFileType = sourcecode.swift; path = RecipeDetailsView.swift; sourceTree = "<group>"; };
		6A60E21D2C13E8D300194166 /* MealDetailsResponse.swift */ = {isa = PBXFileReference; lastKnownFileType = sourcecode.swift; path = MealDetailsResponse.swift; sourceTree = "<group>"; };
		6A7D8CB62C136C1F001764B9 /* Meal.swift */ = {isa = PBXFileReference; lastKnownFileType = sourcecode.swift; path = Meal.swift; sourceTree = "<group>"; };
		6A7D8CB82C137B8D001764B9 /* FetchAPI.swift */ = {isa = PBXFileReference; lastKnownFileType = sourcecode.swift; path = FetchAPI.swift; sourceTree = "<group>"; };
		6A7D8CBB2C138C46001764B9 /* MealDetail.swift */ = {isa = PBXFileReference; lastKnownFileType = sourcecode.swift; path = MealDetail.swift; sourceTree = "<group>"; };
		6A7D8CBE2C138CA8001764B9 /* MealCategory.swift */ = {isa = PBXFileReference; lastKnownFileType = sourcecode.swift; path = MealCategory.swift; sourceTree = "<group>"; };
		6A7D8CC12C138CF8001764B9 /* EdgeInsets+.swift */ = {isa = PBXFileReference; lastKnownFileType = sourcecode.swift; path = "EdgeInsets+.swift"; sourceTree = "<group>"; };
		6A7D8CC52C138DA3001764B9 /* MainViewModel.swift */ = {isa = PBXFileReference; lastKnownFileType = sourcecode.swift; path = MainViewModel.swift; sourceTree = "<group>"; };
		6A7D8CC82C138E84001764B9 /* MealFilter.swift */ = {isa = PBXFileReference; lastKnownFileType = sourcecode.swift; path = MealFilter.swift; sourceTree = "<group>"; };
		6A7D8CCB2C138F81001764B9 /* MealService.swift */ = {isa = PBXFileReference; lastKnownFileType = sourcecode.swift; path = MealService.swift; sourceTree = "<group>"; };
		6A7D8CCD2C1391C5001764B9 /* MealsResponse.swift */ = {isa = PBXFileReference; lastKnownFileType = sourcecode.swift; path = MealsResponse.swift; sourceTree = "<group>"; };
		6A7D8CCF2C1399DA001764B9 /* EmptyMealsView.swift */ = {isa = PBXFileReference; lastKnownFileType = sourcecode.swift; path = EmptyMealsView.swift; sourceTree = "<group>"; };
		6A7D8CD12C139B25001764B9 /* SkeletonMealsView.swift */ = {isa = PBXFileReference; lastKnownFileType = sourcecode.swift; path = SkeletonMealsView.swift; sourceTree = "<group>"; };
		6A7D8CD32C13A08B001764B9 /* MealCategoryView.swift */ = {isa = PBXFileReference; lastKnownFileType = sourcecode.swift; path = MealCategoryView.swift; sourceTree = "<group>"; };
		6A7D8CD72C13A1F2001764B9 /* RecipeView.swift */ = {isa = PBXFileReference; lastKnownFileType = sourcecode.swift; path = RecipeView.swift; sourceTree = "<group>"; };
		6A7D8CD92C13AEA2001764B9 /* MealFilterButton.swift */ = {isa = PBXFileReference; lastKnownFileType = sourcecode.swift; path = MealFilterButton.swift; sourceTree = "<group>"; };
		6A7D8CDC2C13B6E6001764B9 /* ImageCache.swift */ = {isa = PBXFileReference; lastKnownFileType = sourcecode.swift; path = ImageCache.swift; sourceTree = "<group>"; };
		6A8FFECE2C13CC0D00197258 /* MealError.swift */ = {isa = PBXFileReference; lastKnownFileType = sourcecode.swift; path = MealError.swift; sourceTree = "<group>"; };
		6AD288CC2C18BBA4003A8F40 /* SectionTitle.swift */ = {isa = PBXFileReference; lastKnownFileType = sourcecode.swift; path = SectionTitle.swift; sourceTree = "<group>"; };
		6AD288CF2C18CB7B003A8F40 /* Network.swift */ = {isa = PBXFileReference; lastKnownFileType = sourcecode.swift; path = Network.swift; sourceTree = "<group>"; };
		6AD288D32C18D3FC003A8F40 /* CuisineNetworkTests.swift */ = {isa = PBXFileReference; lastKnownFileType = sourcecode.swift; path = CuisineNetworkTests.swift; sourceTree = "<group>"; };
		6AD288D62C18D604003A8F40 /* MockURLProtocol.swift */ = {isa = PBXFileReference; lastKnownFileType = sourcecode.swift; path = MockURLProtocol.swift; sourceTree = "<group>"; };
		6AD288D82C18D7D6003A8F40 /* MockDataJSON.swift */ = {isa = PBXFileReference; lastKnownFileType = sourcecode.swift; path = MockDataJSON.swift; sourceTree = "<group>"; };
		6AD430652C0F8080008BD892 /* Cuisine.app */ = {isa = PBXFileReference; explicitFileType = wrapper.application; includeInIndex = 0; path = Cuisine.app; sourceTree = BUILT_PRODUCTS_DIR; };
		6AD430682C0F8080008BD892 /* CuisineApp.swift */ = {isa = PBXFileReference; lastKnownFileType = sourcecode.swift; path = CuisineApp.swift; sourceTree = "<group>"; };
		6AD4306A2C0F8080008BD892 /* MainView.swift */ = {isa = PBXFileReference; lastKnownFileType = sourcecode.swift; path = MainView.swift; sourceTree = "<group>"; };
		6AD4306C2C0F8081008BD892 /* Assets.xcassets */ = {isa = PBXFileReference; lastKnownFileType = folder.assetcatalog; path = Assets.xcassets; sourceTree = "<group>"; };
		6AD4306F2C0F8081008BD892 /* Preview Assets.xcassets */ = {isa = PBXFileReference; lastKnownFileType = folder.assetcatalog; path = "Preview Assets.xcassets"; sourceTree = "<group>"; };
		6AD430752C0F8081008BD892 /* CuisineTests.xctest */ = {isa = PBXFileReference; explicitFileType = wrapper.cfbundle; includeInIndex = 0; path = CuisineTests.xctest; sourceTree = BUILT_PRODUCTS_DIR; };
		6AD430792C0F8081008BD892 /* CuisineTests.swift */ = {isa = PBXFileReference; lastKnownFileType = sourcecode.swift; path = CuisineTests.swift; sourceTree = "<group>"; };
		6AD4307F2C0F8081008BD892 /* CuisineUITests.xctest */ = {isa = PBXFileReference; explicitFileType = wrapper.cfbundle; includeInIndex = 0; path = CuisineUITests.xctest; sourceTree = BUILT_PRODUCTS_DIR; };
		6AD430832C0F8081008BD892 /* CuisineUITests.swift */ = {isa = PBXFileReference; lastKnownFileType = sourcecode.swift; path = CuisineUITests.swift; sourceTree = "<group>"; };
		6AD430852C0F8081008BD892 /* CuisineUITestsLaunchTests.swift */ = {isa = PBXFileReference; lastKnownFileType = sourcecode.swift; path = CuisineUITestsLaunchTests.swift; sourceTree = "<group>"; };
/* End PBXFileReference section */

/* Begin PBXFrameworksBuildPhase section */
		6AD430622C0F8080008BD892 /* Frameworks */ = {
			isa = PBXFrameworksBuildPhase;
			buildActionMask = 2147483647;
			files = (
			);
			runOnlyForDeploymentPostprocessing = 0;
		};
		6AD430722C0F8081008BD892 /* Frameworks */ = {
			isa = PBXFrameworksBuildPhase;
			buildActionMask = 2147483647;
			files = (
			);
			runOnlyForDeploymentPostprocessing = 0;
		};
		6AD4307C2C0F8081008BD892 /* Frameworks */ = {
			isa = PBXFrameworksBuildPhase;
			buildActionMask = 2147483647;
			files = (
			);
			runOnlyForDeploymentPostprocessing = 0;
		};
/* End PBXFrameworksBuildPhase section */

/* Begin PBXGroup section */
		6A49968B2C14182500E2A92A /* Recipe Details */ = {
			isa = PBXGroup;
			children = (
				6A60E21B2C13D68700194166 /* RecipeDetailsView.swift */,
				6A49968C2C1418B300E2A92A /* RecipeDetailsHeaderView.swift */,
				6A49968E2C141A9700E2A92A /* RecipeDetailsAboutView.swift */,
				6A4996902C141BC500E2A92A /* RecipeDetailsIngredientsView.swift */,
				6A4996922C141CD800E2A92A /* RecipeDetailsInstructionsView.swift */,
				6A4996942C141D8400E2A92A /* RecipeDetailsTagsView.swift */,
				6A4996962C149E4100E2A92A /* Skeleton View */,
				6A4996972C149E4C00E2A92A /* Empty View */,
			);
			path = "Recipe Details";
			sourceTree = "<group>";
		};
		6A4996962C149E4100E2A92A /* Skeleton View */ = {
			isa = PBXGroup;
			children = (
				6A4996982C149EA100E2A92A /* SkeletonDetailsView.swift */,
			);
			path = "Skeleton View";
			sourceTree = "<group>";
		};
		6A4996972C149E4C00E2A92A /* Empty View */ = {
			isa = PBXGroup;
			children = (
				6A49969A2C14A4D200E2A92A /* EmptyDetailsView.swift */,
			);
			path = "Empty View";
			sourceTree = "<group>";
		};
		6A60E2162C13D21800194166 /* View Modifiers */ = {
			isa = PBXGroup;
			children = (
				6A60E2172C13D28300194166 /* RoundedRectBackground.swift */,
				6AD288CC2C18BBA4003A8F40 /* SectionTitle.swift */,
			);
			path = "View Modifiers";
			sourceTree = "<group>";
		};
		6A7D8CBA2C138C2F001764B9 /* Models */ = {
			isa = PBXGroup;
			children = (
				6A7D8CB62C136C1F001764B9 /* Meal.swift */,
				6A7D8CBE2C138CA8001764B9 /* MealCategory.swift */,
				6A7D8CBB2C138C46001764B9 /* MealDetail.swift */,
				6A7D8CC82C138E84001764B9 /* MealFilter.swift */,
				6A7D8CCD2C1391C5001764B9 /* MealsResponse.swift */,
				6A60E21D2C13E8D300194166 /* MealDetailsResponse.swift */,
				6A49969C2C14AB0400E2A92A /* MealDetailAbout.swift */,
			);
			path = Models;
			sourceTree = "<group>";
		};
		6A7D8CBD2C138C6A001764B9 /* Endpoints */ = {
			isa = PBXGroup;
			children = (
				6A7D8CB82C137B8D001764B9 /* FetchAPI.swift */,
			);
			path = Endpoints;
			sourceTree = "<group>";
		};
		6A7D8CC02C138CEC001764B9 /* Extensions */ = {
			isa = PBXGroup;
			children = (
				6A7D8CC12C138CF8001764B9 /* EdgeInsets+.swift */,
				6A3C946F2C1621310082BF8F /* URLRequest+.swift */,
				6A3C946D2C1621220082BF8F /* URLSession+.swift */,
				6A60E2192C13D2AB00194166 /* View+.swift */,
			);
			path = Extensions;
			sourceTree = "<group>";
		};
		6A7D8CC42C138D91001764B9 /* Main */ = {
			isa = PBXGroup;
			children = (
				6A8FFED02C13D12C00197258 /* Views */,
				6A7D8CC72C138DC9001764B9 /* View Model */,
			);
			path = Main;
			sourceTree = "<group>";
		};
		6A7D8CC72C138DC9001764B9 /* View Model */ = {
			isa = PBXGroup;
			children = (
				6A7D8CC52C138DA3001764B9 /* MainViewModel.swift */,
			);
			path = "View Model";
			sourceTree = "<group>";
		};
		6A7D8CCA2C138F5A001764B9 /* Services */ = {
			isa = PBXGroup;
			children = (
				6A7D8CCB2C138F81001764B9 /* MealService.swift */,
			);
			path = Services;
			sourceTree = "<group>";
		};
		6A7D8CDB2C13B691001764B9 /* Cache */ = {
			isa = PBXGroup;
			children = (
				6A7D8CDC2C13B6E6001764B9 /* ImageCache.swift */,
			);
			path = Cache;
			sourceTree = "<group>";
		};
		6A8FFECD2C13CBCB00197258 /* Error Handling */ = {
			isa = PBXGroup;
			children = (
				6A8FFECE2C13CC0D00197258 /* MealError.swift */,
			);
			path = "Error Handling";
			sourceTree = "<group>";
		};
		6A8FFED02C13D12C00197258 /* Views */ = {
			isa = PBXGroup;
			children = (
				6AD4306A2C0F8080008BD892 /* MainView.swift */,
				6A7D8CD32C13A08B001764B9 /* MealCategoryView.swift */,
				6A7D8CD72C13A1F2001764B9 /* RecipeView.swift */,
				6A49968B2C14182500E2A92A /* Recipe Details */,
				6A8FFED12C13D14000197258 /* Skeleton View */,
				6A8FFED22C13D14A00197258 /* Empty View */,
				6A8FFED42C13D17200197258 /* Toolbar */,
			);
			path = Views;
			sourceTree = "<group>";
		};
		6A8FFED12C13D14000197258 /* Skeleton View */ = {
			isa = PBXGroup;
			children = (
				6A7D8CD12C139B25001764B9 /* SkeletonMealsView.swift */,
			);
			path = "Skeleton View";
			sourceTree = "<group>";
		};
		6A8FFED22C13D14A00197258 /* Empty View */ = {
			isa = PBXGroup;
			children = (
				6A7D8CCF2C1399DA001764B9 /* EmptyMealsView.swift */,
			);
			path = "Empty View";
			sourceTree = "<group>";
		};
		6A8FFED42C13D17200197258 /* Toolbar */ = {
			isa = PBXGroup;
			children = (
				6A7D8CD92C13AEA2001764B9 /* MealFilterButton.swift */,
			);
			path = Toolbar;
			sourceTree = "<group>";
		};
		6AD288CE2C18CB68003A8F40 /* Network */ = {
			isa = PBXGroup;
			children = (
				6AD288CF2C18CB7B003A8F40 /* Network.swift */,
			);
			path = Network;
			sourceTree = "<group>";
		};
		6AD288D52C18D5FC003A8F40 /* Network Tests */ = {
			isa = PBXGroup;
			children = (
				6AD288D32C18D3FC003A8F40 /* CuisineNetworkTests.swift */,
				6AD288D82C18D7D6003A8F40 /* MockDataJSON.swift */,
				6AD288D62C18D604003A8F40 /* MockURLProtocol.swift */,
			);
			path = "Network Tests";
			sourceTree = "<group>";
		};
		6AD4305C2C0F8080008BD892 = {
			isa = PBXGroup;
			children = (
				6AD430672C0F8080008BD892 /* Cuisine */,
				6AD430782C0F8081008BD892 /* CuisineTests */,
				6AD430822C0F8081008BD892 /* CuisineUITests */,
				6AD430662C0F8080008BD892 /* Products */,
			);
			sourceTree = "<group>";
		};
		6AD430662C0F8080008BD892 /* Products */ = {
			isa = PBXGroup;
			children = (
				6AD430652C0F8080008BD892 /* Cuisine.app */,
				6AD430752C0F8081008BD892 /* CuisineTests.xctest */,
				6AD4307F2C0F8081008BD892 /* CuisineUITests.xctest */,
			);
			name = Products;
			sourceTree = "<group>";
		};
		6AD430672C0F8080008BD892 /* Cuisine */ = {
			isa = PBXGroup;
			children = (
				6AD430682C0F8080008BD892 /* CuisineApp.swift */,
				6A7D8CC42C138D91001764B9 /* Main */,
				6A7D8CCA2C138F5A001764B9 /* Services */,
				6A7D8CBD2C138C6A001764B9 /* Endpoints */,
				6AD288CE2C18CB68003A8F40 /* Network */,
				6A7D8CBA2C138C2F001764B9 /* Models */,
				6A7D8CDB2C13B691001764B9 /* Cache */,
				6A8FFECD2C13CBCB00197258 /* Error Handling */,
				6A60E2162C13D21800194166 /* View Modifiers */,
				6A7D8CC02C138CEC001764B9 /* Extensions */,
				6AD4306C2C0F8081008BD892 /* Assets.xcassets */,
				6AD4306E2C0F8081008BD892 /* Preview Content */,
			);
			path = Cuisine;
			sourceTree = "<group>";
		};
		6AD4306E2C0F8081008BD892 /* Preview Content */ = {
			isa = PBXGroup;
			children = (
				6AD4306F2C0F8081008BD892 /* Preview Assets.xcassets */,
			);
			path = "Preview Content";
			sourceTree = "<group>";
		};
		6AD430782C0F8081008BD892 /* CuisineTests */ = {
			isa = PBXGroup;
			children = (
				6AD288D52C18D5FC003A8F40 /* Network Tests */,
				6AD430792C0F8081008BD892 /* CuisineTests.swift */,
			);
			path = CuisineTests;
			sourceTree = "<group>";
		};
		6AD430822C0F8081008BD892 /* CuisineUITests */ = {
			isa = PBXGroup;
			children = (
				6AD430832C0F8081008BD892 /* CuisineUITests.swift */,
				6AD430852C0F8081008BD892 /* CuisineUITestsLaunchTests.swift */,
			);
			path = CuisineUITests;
			sourceTree = "<group>";
		};
/* End PBXGroup section */

/* Begin PBXNativeTarget section */
		6AD430642C0F8080008BD892 /* Cuisine */ = {
			isa = PBXNativeTarget;
			buildConfigurationList = 6AD430892C0F8081008BD892 /* Build configuration list for PBXNativeTarget "Cuisine" */;
			buildPhases = (
				6AD430612C0F8080008BD892 /* Sources */,
				6AD430622C0F8080008BD892 /* Frameworks */,
				6AD430632C0F8080008BD892 /* Resources */,
			);
			buildRules = (
			);
			dependencies = (
			);
			name = Cuisine;
			productName = Cuisine;
			productReference = 6AD430652C0F8080008BD892 /* Cuisine.app */;
			productType = "com.apple.product-type.application";
		};
		6AD430742C0F8081008BD892 /* CuisineTests */ = {
			isa = PBXNativeTarget;
			buildConfigurationList = 6AD4308C2C0F8081008BD892 /* Build configuration list for PBXNativeTarget "CuisineTests" */;
			buildPhases = (
				6AD430712C0F8081008BD892 /* Sources */,
				6AD430722C0F8081008BD892 /* Frameworks */,
				6AD430732C0F8081008BD892 /* Resources */,
			);
			buildRules = (
			);
			dependencies = (
				6AD430772C0F8081008BD892 /* PBXTargetDependency */,
			);
			name = CuisineTests;
			productName = CuisineTests;
			productReference = 6AD430752C0F8081008BD892 /* CuisineTests.xctest */;
			productType = "com.apple.product-type.bundle.unit-test";
		};
		6AD4307E2C0F8081008BD892 /* CuisineUITests */ = {
			isa = PBXNativeTarget;
			buildConfigurationList = 6AD4308F2C0F8081008BD892 /* Build configuration list for PBXNativeTarget "CuisineUITests" */;
			buildPhases = (
				6AD4307B2C0F8081008BD892 /* Sources */,
				6AD4307C2C0F8081008BD892 /* Frameworks */,
				6AD4307D2C0F8081008BD892 /* Resources */,
			);
			buildRules = (
			);
			dependencies = (
				6AD430812C0F8081008BD892 /* PBXTargetDependency */,
			);
			name = CuisineUITests;
			productName = CuisineUITests;
			productReference = 6AD4307F2C0F8081008BD892 /* CuisineUITests.xctest */;
			productType = "com.apple.product-type.bundle.ui-testing";
		};
/* End PBXNativeTarget section */

/* Begin PBXProject section */
		6AD4305D2C0F8080008BD892 /* Project object */ = {
			isa = PBXProject;
			attributes = {
				BuildIndependentTargetsInParallel = 1;
				LastSwiftUpdateCheck = 1540;
				LastUpgradeCheck = 1540;
				TargetAttributes = {
					6AD430642C0F8080008BD892 = {
						CreatedOnToolsVersion = 15.4;
					};
					6AD430742C0F8081008BD892 = {
						CreatedOnToolsVersion = 15.4;
						TestTargetID = 6AD430642C0F8080008BD892;
					};
					6AD4307E2C0F8081008BD892 = {
						CreatedOnToolsVersion = 15.4;
						TestTargetID = 6AD430642C0F8080008BD892;
					};
				};
			};
			buildConfigurationList = 6AD430602C0F8080008BD892 /* Build configuration list for PBXProject "Cuisine" */;
			compatibilityVersion = "Xcode 14.0";
			developmentRegion = en;
			hasScannedForEncodings = 0;
			knownRegions = (
				en,
				Base,
			);
			mainGroup = 6AD4305C2C0F8080008BD892;
			productRefGroup = 6AD430662C0F8080008BD892 /* Products */;
			projectDirPath = "";
			projectRoot = "";
			targets = (
				6AD430642C0F8080008BD892 /* Cuisine */,
				6AD430742C0F8081008BD892 /* CuisineTests */,
				6AD4307E2C0F8081008BD892 /* CuisineUITests */,
			);
		};
/* End PBXProject section */

/* Begin PBXResourcesBuildPhase section */
		6AD430632C0F8080008BD892 /* Resources */ = {
			isa = PBXResourcesBuildPhase;
			buildActionMask = 2147483647;
			files = (
				6AD430702C0F8081008BD892 /* Preview Assets.xcassets in Resources */,
				6AD4306D2C0F8081008BD892 /* Assets.xcassets in Resources */,
			);
			runOnlyForDeploymentPostprocessing = 0;
		};
		6AD430732C0F8081008BD892 /* Resources */ = {
			isa = PBXResourcesBuildPhase;
			buildActionMask = 2147483647;
			files = (
			);
			runOnlyForDeploymentPostprocessing = 0;
		};
		6AD4307D2C0F8081008BD892 /* Resources */ = {
			isa = PBXResourcesBuildPhase;
			buildActionMask = 2147483647;
			files = (
			);
			runOnlyForDeploymentPostprocessing = 0;
		};
/* End PBXResourcesBuildPhase section */

/* Begin PBXSourcesBuildPhase section */
		6AD430612C0F8080008BD892 /* Sources */ = {
			isa = PBXSourcesBuildPhase;
			buildActionMask = 2147483647;
			files = (
				6A7D8CC92C138E84001764B9 /* MealFilter.swift in Sources */,
				6A7D8CC22C138CF8001764B9 /* EdgeInsets+.swift in Sources */,
				6AD288CD2C18BBA4003A8F40 /* SectionTitle.swift in Sources */,
				6A49969B2C14A4D200E2A92A /* EmptyDetailsView.swift in Sources */,
				6A49969D2C14AB0400E2A92A /* MealDetailAbout.swift in Sources */,
				6A7D8CDD2C13B6E6001764B9 /* ImageCache.swift in Sources */,
				6A7D8CDA2C13AEA2001764B9 /* MealFilterButton.swift in Sources */,
				6A7D8CBF2C138CA8001764B9 /* MealCategory.swift in Sources */,
				6A4996912C141BC500E2A92A /* RecipeDetailsIngredientsView.swift in Sources */,
				6A4996932C141CD800E2A92A /* RecipeDetailsInstructionsView.swift in Sources */,
				6AD288D02C18CB7E003A8F40 /* Network.swift in Sources */,
				6A8FFECF2C13CC0D00197258 /* MealError.swift in Sources */,
				6A7D8CD22C139B25001764B9 /* SkeletonMealsView.swift in Sources */,
				6A60E21C2C13D68700194166 /* RecipeDetailsView.swift in Sources */,
				6A49968D2C1418B300E2A92A /* RecipeDetailsHeaderView.swift in Sources */,
				6AD4306B2C0F8080008BD892 /* MainView.swift in Sources */,
				6A60E21A2C13D2AB00194166 /* View+.swift in Sources */,
				6A7D8CCC2C138F81001764B9 /* MealService.swift in Sources */,
				6A7D8CB92C137B8D001764B9 /* FetchAPI.swift in Sources */,
				6A7D8CBC2C138C46001764B9 /* MealDetail.swift in Sources */,
				6A7D8CD02C1399DA001764B9 /* EmptyMealsView.swift in Sources */,
				6A3C94702C1621310082BF8F /* URLRequest+.swift in Sources */,
				6A3C946E2C1621220082BF8F /* URLSession+.swift in Sources */,
				6A7D8CD82C13A1F2001764B9 /* RecipeView.swift in Sources */,
				6A7D8CD42C13A08B001764B9 /* MealCategoryView.swift in Sources */,
				6A60E21E2C13E8D300194166 /* MealDetailsResponse.swift in Sources */,
				6A7D8CCE2C1391C5001764B9 /* MealsResponse.swift in Sources */,
				6A49968F2C141A9700E2A92A /* RecipeDetailsAboutView.swift in Sources */,
				6A7D8CB72C136C1F001764B9 /* Meal.swift in Sources */,
				6A60E2182C13D28300194166 /* RoundedRectBackground.swift in Sources */,
				6A4996952C141D8400E2A92A /* RecipeDetailsTagsView.swift in Sources */,
				6AD430692C0F8080008BD892 /* CuisineApp.swift in Sources */,
				6A4996992C149EA100E2A92A /* SkeletonDetailsView.swift in Sources */,
				6A7D8CC62C138DA3001764B9 /* MainViewModel.swift in Sources */,
			);
			runOnlyForDeploymentPostprocessing = 0;
		};
		6AD430712C0F8081008BD892 /* Sources */ = {
			isa = PBXSourcesBuildPhase;
			buildActionMask = 2147483647;
			files = (
				6A4996A02C14CCE900E2A92A /* MealCategory.swift in Sources */,
				6AD4307A2C0F8081008BD892 /* CuisineTests.swift in Sources */,
				6AD288D42C18D405003A8F40 /* CuisineNetworkTests.swift in Sources */,
				6AD288D72C18D618003A8F40 /* MockURLProtocol.swift in Sources */,
				6AD288D92C18D7DB003A8F40 /* MockDataJSON.swift in Sources */,
			);
			runOnlyForDeploymentPostprocessing = 0;
		};
		6AD4307B2C0F8081008BD892 /* Sources */ = {
			isa = PBXSourcesBuildPhase;
			buildActionMask = 2147483647;
			files = (
				6AD430842C0F8081008BD892 /* CuisineUITests.swift in Sources */,
				6A49969E2C14BFEB00E2A92A /* Meal.swift in Sources */,
				6A4996A12C14CCE900E2A92A /* MealCategory.swift in Sources */,
				6A4996A22C14CD6500E2A92A /* MealFilter.swift in Sources */,
				6AD430862C0F8081008BD892 /* CuisineUITestsLaunchTests.swift in Sources */,
			);
			runOnlyForDeploymentPostprocessing = 0;
		};
/* End PBXSourcesBuildPhase section */

/* Begin PBXTargetDependency section */
		6AD430772C0F8081008BD892 /* PBXTargetDependency */ = {
			isa = PBXTargetDependency;
			target = 6AD430642C0F8080008BD892 /* Cuisine */;
			targetProxy = 6AD430762C0F8081008BD892 /* PBXContainerItemProxy */;
		};
		6AD430812C0F8081008BD892 /* PBXTargetDependency */ = {
			isa = PBXTargetDependency;
			target = 6AD430642C0F8080008BD892 /* Cuisine */;
			targetProxy = 6AD430802C0F8081008BD892 /* PBXContainerItemProxy */;
		};
/* End PBXTargetDependency section */

/* Begin XCBuildConfiguration section */
		6AD430872C0F8081008BD892 /* Debug */ = {
			isa = XCBuildConfiguration;
			buildSettings = {
				ALWAYS_SEARCH_USER_PATHS = NO;
				ASSETCATALOG_COMPILER_GENERATE_SWIFT_ASSET_SYMBOL_EXTENSIONS = YES;
				CLANG_ANALYZER_NONNULL = YES;
				CLANG_ANALYZER_NUMBER_OBJECT_CONVERSION = YES_AGGRESSIVE;
				CLANG_CXX_LANGUAGE_STANDARD = "gnu++20";
				CLANG_ENABLE_MODULES = YES;
				CLANG_ENABLE_OBJC_ARC = YES;
				CLANG_ENABLE_OBJC_WEAK = YES;
				CLANG_WARN_BLOCK_CAPTURE_AUTORELEASING = YES;
				CLANG_WARN_BOOL_CONVERSION = YES;
				CLANG_WARN_COMMA = YES;
				CLANG_WARN_CONSTANT_CONVERSION = YES;
				CLANG_WARN_DEPRECATED_OBJC_IMPLEMENTATIONS = YES;
				CLANG_WARN_DIRECT_OBJC_ISA_USAGE = YES_ERROR;
				CLANG_WARN_DOCUMENTATION_COMMENTS = YES;
				CLANG_WARN_EMPTY_BODY = YES;
				CLANG_WARN_ENUM_CONVERSION = YES;
				CLANG_WARN_INFINITE_RECURSION = YES;
				CLANG_WARN_INT_CONVERSION = YES;
				CLANG_WARN_NON_LITERAL_NULL_CONVERSION = YES;
				CLANG_WARN_OBJC_IMPLICIT_RETAIN_SELF = YES;
				CLANG_WARN_OBJC_LITERAL_CONVERSION = YES;
				CLANG_WARN_OBJC_ROOT_CLASS = YES_ERROR;
				CLANG_WARN_QUOTED_INCLUDE_IN_FRAMEWORK_HEADER = YES;
				CLANG_WARN_RANGE_LOOP_ANALYSIS = YES;
				CLANG_WARN_STRICT_PROTOTYPES = YES;
				CLANG_WARN_SUSPICIOUS_MOVE = YES;
				CLANG_WARN_UNGUARDED_AVAILABILITY = YES_AGGRESSIVE;
				CLANG_WARN_UNREACHABLE_CODE = YES;
				CLANG_WARN__DUPLICATE_METHOD_MATCH = YES;
				COPY_PHASE_STRIP = NO;
				DEBUG_INFORMATION_FORMAT = dwarf;
				ENABLE_STRICT_OBJC_MSGSEND = YES;
				ENABLE_TESTABILITY = YES;
				ENABLE_USER_SCRIPT_SANDBOXING = YES;
				GCC_C_LANGUAGE_STANDARD = gnu17;
				GCC_DYNAMIC_NO_PIC = NO;
				GCC_NO_COMMON_BLOCKS = YES;
				GCC_OPTIMIZATION_LEVEL = 0;
				GCC_PREPROCESSOR_DEFINITIONS = (
					"DEBUG=1",
					"$(inherited)",
				);
				GCC_WARN_64_TO_32_BIT_CONVERSION = YES;
				GCC_WARN_ABOUT_RETURN_TYPE = YES_ERROR;
				GCC_WARN_UNDECLARED_SELECTOR = YES;
				GCC_WARN_UNINITIALIZED_AUTOS = YES_AGGRESSIVE;
				GCC_WARN_UNUSED_FUNCTION = YES;
				GCC_WARN_UNUSED_VARIABLE = YES;
				IPHONEOS_DEPLOYMENT_TARGET = 15.0;
				LOCALIZATION_PREFERS_STRING_CATALOGS = YES;
				MTL_ENABLE_DEBUG_INFO = INCLUDE_SOURCE;
				MTL_FAST_MATH = YES;
				ONLY_ACTIVE_ARCH = YES;
				SDKROOT = iphoneos;
				SWIFT_ACTIVE_COMPILATION_CONDITIONS = "DEBUG $(inherited)";
				SWIFT_OPTIMIZATION_LEVEL = "-Onone";
			};
			name = Debug;
		};
		6AD430882C0F8081008BD892 /* Release */ = {
			isa = XCBuildConfiguration;
			buildSettings = {
				ALWAYS_SEARCH_USER_PATHS = NO;
				ASSETCATALOG_COMPILER_GENERATE_SWIFT_ASSET_SYMBOL_EXTENSIONS = YES;
				CLANG_ANALYZER_NONNULL = YES;
				CLANG_ANALYZER_NUMBER_OBJECT_CONVERSION = YES_AGGRESSIVE;
				CLANG_CXX_LANGUAGE_STANDARD = "gnu++20";
				CLANG_ENABLE_MODULES = YES;
				CLANG_ENABLE_OBJC_ARC = YES;
				CLANG_ENABLE_OBJC_WEAK = YES;
				CLANG_WARN_BLOCK_CAPTURE_AUTORELEASING = YES;
				CLANG_WARN_BOOL_CONVERSION = YES;
				CLANG_WARN_COMMA = YES;
				CLANG_WARN_CONSTANT_CONVERSION = YES;
				CLANG_WARN_DEPRECATED_OBJC_IMPLEMENTATIONS = YES;
				CLANG_WARN_DIRECT_OBJC_ISA_USAGE = YES_ERROR;
				CLANG_WARN_DOCUMENTATION_COMMENTS = YES;
				CLANG_WARN_EMPTY_BODY = YES;
				CLANG_WARN_ENUM_CONVERSION = YES;
				CLANG_WARN_INFINITE_RECURSION = YES;
				CLANG_WARN_INT_CONVERSION = YES;
				CLANG_WARN_NON_LITERAL_NULL_CONVERSION = YES;
				CLANG_WARN_OBJC_IMPLICIT_RETAIN_SELF = YES;
				CLANG_WARN_OBJC_LITERAL_CONVERSION = YES;
				CLANG_WARN_OBJC_ROOT_CLASS = YES_ERROR;
				CLANG_WARN_QUOTED_INCLUDE_IN_FRAMEWORK_HEADER = YES;
				CLANG_WARN_RANGE_LOOP_ANALYSIS = YES;
				CLANG_WARN_STRICT_PROTOTYPES = YES;
				CLANG_WARN_SUSPICIOUS_MOVE = YES;
				CLANG_WARN_UNGUARDED_AVAILABILITY = YES_AGGRESSIVE;
				CLANG_WARN_UNREACHABLE_CODE = YES;
				CLANG_WARN__DUPLICATE_METHOD_MATCH = YES;
				COPY_PHASE_STRIP = NO;
				DEBUG_INFORMATION_FORMAT = "dwarf-with-dsym";
				ENABLE_NS_ASSERTIONS = NO;
				ENABLE_STRICT_OBJC_MSGSEND = YES;
				ENABLE_USER_SCRIPT_SANDBOXING = YES;
				GCC_C_LANGUAGE_STANDARD = gnu17;
				GCC_NO_COMMON_BLOCKS = YES;
				GCC_WARN_64_TO_32_BIT_CONVERSION = YES;
				GCC_WARN_ABOUT_RETURN_TYPE = YES_ERROR;
				GCC_WARN_UNDECLARED_SELECTOR = YES;
				GCC_WARN_UNINITIALIZED_AUTOS = YES_AGGRESSIVE;
				GCC_WARN_UNUSED_FUNCTION = YES;
				GCC_WARN_UNUSED_VARIABLE = YES;
				IPHONEOS_DEPLOYMENT_TARGET = 15.0;
				LOCALIZATION_PREFERS_STRING_CATALOGS = YES;
				MTL_ENABLE_DEBUG_INFO = NO;
				MTL_FAST_MATH = YES;
				SDKROOT = iphoneos;
				SWIFT_COMPILATION_MODE = wholemodule;
				VALIDATE_PRODUCT = YES;
			};
			name = Release;
		};
		6AD4308A2C0F8081008BD892 /* Debug */ = {
			isa = XCBuildConfiguration;
			buildSettings = {
				ASSETCATALOG_COMPILER_APPICON_NAME = AppIcon;
				ASSETCATALOG_COMPILER_GLOBAL_ACCENT_COLOR_NAME = AccentColor;
				CODE_SIGN_STYLE = Automatic;
				CURRENT_PROJECT_VERSION = 1;
				DEVELOPMENT_ASSET_PATHS = "\"Cuisine/Preview Content\"";
				DEVELOPMENT_TEAM = J9S8P7XX49;
				ENABLE_PREVIEWS = YES;
				GENERATE_INFOPLIST_FILE = YES;
				INFOPLIST_KEY_CFBundleDisplayName = Cuisine;
				INFOPLIST_KEY_UIApplicationSceneManifest_Generation = YES;
				INFOPLIST_KEY_UIApplicationSupportsIndirectInputEvents = YES;
				INFOPLIST_KEY_UILaunchScreen_Generation = YES;
				INFOPLIST_KEY_UIRequiresFullScreen = YES;
				INFOPLIST_KEY_UISupportedInterfaceOrientations = UIInterfaceOrientationPortrait;
				IPHONEOS_DEPLOYMENT_TARGET = 15.0;
				LD_RUNPATH_SEARCH_PATHS = (
					"$(inherited)",
					"@executable_path/Frameworks",
				);
				MARKETING_VERSION = 1.0;
				PRODUCT_BUNDLE_IDENTIFIER = com.nolanfuchs.Cuisine;
				PRODUCT_NAME = "$(TARGET_NAME)";
				SUPPORTED_PLATFORMS = "iphoneos iphonesimulator";
				SUPPORTS_MACCATALYST = NO;
				SUPPORTS_MAC_DESIGNED_FOR_IPHONE_IPAD = NO;
				SUPPORTS_XR_DESIGNED_FOR_IPHONE_IPAD = NO;
				SWIFT_EMIT_LOC_STRINGS = YES;
				SWIFT_VERSION = 5.0;
				TARGETED_DEVICE_FAMILY = "1,2";
			};
			name = Debug;
		};
		6AD4308B2C0F8081008BD892 /* Release */ = {
			isa = XCBuildConfiguration;
			buildSettings = {
				ASSETCATALOG_COMPILER_APPICON_NAME = AppIcon;
				ASSETCATALOG_COMPILER_GLOBAL_ACCENT_COLOR_NAME = AccentColor;
				CODE_SIGN_STYLE = Automatic;
				CURRENT_PROJECT_VERSION = 1;
				DEVELOPMENT_ASSET_PATHS = "\"Cuisine/Preview Content\"";
				DEVELOPMENT_TEAM = J9S8P7XX49;
				ENABLE_PREVIEWS = YES;
				GENERATE_INFOPLIST_FILE = YES;
				INFOPLIST_KEY_CFBundleDisplayName = Cuisine;
				INFOPLIST_KEY_UIApplicationSceneManifest_Generation = YES;
				INFOPLIST_KEY_UIApplicationSupportsIndirectInputEvents = YES;
				INFOPLIST_KEY_UILaunchScreen_Generation = YES;
				INFOPLIST_KEY_UIRequiresFullScreen = YES;
				INFOPLIST_KEY_UISupportedInterfaceOrientations = UIInterfaceOrientationPortrait;
				IPHONEOS_DEPLOYMENT_TARGET = 15.0;
				LD_RUNPATH_SEARCH_PATHS = (
					"$(inherited)",
					"@executable_path/Frameworks",
				);
				MARKETING_VERSION = 1.0;
				PRODUCT_BUNDLE_IDENTIFIER = com.nolanfuchs.Cuisine;
				PRODUCT_NAME = "$(TARGET_NAME)";
				SUPPORTED_PLATFORMS = "iphoneos iphonesimulator";
				SUPPORTS_MACCATALYST = NO;
				SUPPORTS_MAC_DESIGNED_FOR_IPHONE_IPAD = NO;
				SUPPORTS_XR_DESIGNED_FOR_IPHONE_IPAD = NO;
				SWIFT_EMIT_LOC_STRINGS = YES;
				SWIFT_VERSION = 5.0;
				TARGETED_DEVICE_FAMILY = "1,2";
			};
			name = Release;
		};
		6AD4308D2C0F8081008BD892 /* Debug */ = {
			isa = XCBuildConfiguration;
			buildSettings = {
				ALWAYS_EMBED_SWIFT_STANDARD_LIBRARIES = YES;
				BUNDLE_LOADER = "$(TEST_HOST)";
				CODE_SIGN_STYLE = Automatic;
				CURRENT_PROJECT_VERSION = 1;
				DEVELOPMENT_TEAM = J9S8P7XX49;
				GENERATE_INFOPLIST_FILE = YES;
				IPHONEOS_DEPLOYMENT_TARGET = 15.0;
				MARKETING_VERSION = 1.0;
				PRODUCT_BUNDLE_IDENTIFIER = com.nolanfuchs.CuisineTests;
				PRODUCT_NAME = "$(TARGET_NAME)";
				SUPPORTED_PLATFORMS = "iphoneos iphonesimulator";
				SUPPORTS_MACCATALYST = NO;
				SUPPORTS_MAC_DESIGNED_FOR_IPHONE_IPAD = NO;
				SUPPORTS_XR_DESIGNED_FOR_IPHONE_IPAD = NO;
				SWIFT_EMIT_LOC_STRINGS = NO;
				SWIFT_VERSION = 5.0;
				TARGETED_DEVICE_FAMILY = "1,2";
				TEST_HOST = "$(BUILT_PRODUCTS_DIR)/Cuisine.app/$(BUNDLE_EXECUTABLE_FOLDER_PATH)/Cuisine";
			};
			name = Debug;
		};
		6AD4308E2C0F8081008BD892 /* Release */ = {
			isa = XCBuildConfiguration;
			buildSettings = {
				ALWAYS_EMBED_SWIFT_STANDARD_LIBRARIES = YES;
				BUNDLE_LOADER = "$(TEST_HOST)";
				CODE_SIGN_STYLE = Automatic;
				CURRENT_PROJECT_VERSION = 1;
				DEVELOPMENT_TEAM = J9S8P7XX49;
				GENERATE_INFOPLIST_FILE = YES;
				IPHONEOS_DEPLOYMENT_TARGET = 15.0;
				MARKETING_VERSION = 1.0;
				PRODUCT_BUNDLE_IDENTIFIER = com.nolanfuchs.CuisineTests;
				PRODUCT_NAME = "$(TARGET_NAME)";
				SUPPORTED_PLATFORMS = "iphoneos iphonesimulator";
				SUPPORTS_MACCATALYST = NO;
				SUPPORTS_MAC_DESIGNED_FOR_IPHONE_IPAD = NO;
				SUPPORTS_XR_DESIGNED_FOR_IPHONE_IPAD = NO;
				SWIFT_EMIT_LOC_STRINGS = NO;
				SWIFT_VERSION = 5.0;
				TARGETED_DEVICE_FAMILY = "1,2";
				TEST_HOST = "$(BUILT_PRODUCTS_DIR)/Cuisine.app/$(BUNDLE_EXECUTABLE_FOLDER_PATH)/Cuisine";
			};
			name = Release;
		};
		6AD430902C0F8081008BD892 /* Debug */ = {
			isa = XCBuildConfiguration;
			buildSettings = {
				ALWAYS_EMBED_SWIFT_STANDARD_LIBRARIES = YES;
				CODE_SIGN_STYLE = Automatic;
				CURRENT_PROJECT_VERSION = 1;
				DEVELOPMENT_TEAM = J9S8P7XX49;
				GENERATE_INFOPLIST_FILE = YES;
				MARKETING_VERSION = 1.0;
				PRODUCT_BUNDLE_IDENTIFIER = com.nolanfuchs.CuisineUITests;
				PRODUCT_NAME = "$(TARGET_NAME)";
				SUPPORTED_PLATFORMS = "iphoneos iphonesimulator";
				SUPPORTS_MACCATALYST = NO;
				SUPPORTS_MAC_DESIGNED_FOR_IPHONE_IPAD = NO;
				SUPPORTS_XR_DESIGNED_FOR_IPHONE_IPAD = NO;
				SWIFT_EMIT_LOC_STRINGS = NO;
				SWIFT_VERSION = 5.0;
				TARGETED_DEVICE_FAMILY = "1,2";
				TEST_TARGET_NAME = Cuisine;
			};
			name = Debug;
		};
		6AD430912C0F8081008BD892 /* Release */ = {
			isa = XCBuildConfiguration;
			buildSettings = {
				ALWAYS_EMBED_SWIFT_STANDARD_LIBRARIES = YES;
				CODE_SIGN_STYLE = Automatic;
				CURRENT_PROJECT_VERSION = 1;
				DEVELOPMENT_TEAM = J9S8P7XX49;
				GENERATE_INFOPLIST_FILE = YES;
				MARKETING_VERSION = 1.0;
				PRODUCT_BUNDLE_IDENTIFIER = com.nolanfuchs.CuisineUITests;
				PRODUCT_NAME = "$(TARGET_NAME)";
				SUPPORTED_PLATFORMS = "iphoneos iphonesimulator";
				SUPPORTS_MACCATALYST = NO;
				SUPPORTS_MAC_DESIGNED_FOR_IPHONE_IPAD = NO;
				SUPPORTS_XR_DESIGNED_FOR_IPHONE_IPAD = NO;
				SWIFT_EMIT_LOC_STRINGS = NO;
				SWIFT_VERSION = 5.0;
				TARGETED_DEVICE_FAMILY = "1,2";
				TEST_TARGET_NAME = Cuisine;
			};
			name = Release;
		};
/* End XCBuildConfiguration section */

/* Begin XCConfigurationList section */
		6AD430602C0F8080008BD892 /* Build configuration list for PBXProject "Cuisine" */ = {
			isa = XCConfigurationList;
			buildConfigurations = (
				6AD430872C0F8081008BD892 /* Debug */,
				6AD430882C0F8081008BD892 /* Release */,
			);
			defaultConfigurationIsVisible = 0;
			defaultConfigurationName = Release;
		};
		6AD430892C0F8081008BD892 /* Build configuration list for PBXNativeTarget "Cuisine" */ = {
			isa = XCConfigurationList;
			buildConfigurations = (
				6AD4308A2C0F8081008BD892 /* Debug */,
				6AD4308B2C0F8081008BD892 /* Release */,
			);
			defaultConfigurationIsVisible = 0;
			defaultConfigurationName = Release;
		};
		6AD4308C2C0F8081008BD892 /* Build configuration list for PBXNativeTarget "CuisineTests" */ = {
			isa = XCConfigurationList;
			buildConfigurations = (
				6AD4308D2C0F8081008BD892 /* Debug */,
				6AD4308E2C0F8081008BD892 /* Release */,
			);
			defaultConfigurationIsVisible = 0;
			defaultConfigurationName = Release;
		};
		6AD4308F2C0F8081008BD892 /* Build configuration list for PBXNativeTarget "CuisineUITests" */ = {
			isa = XCConfigurationList;
			buildConfigurations = (
				6AD430902C0F8081008BD892 /* Debug */,
				6AD430912C0F8081008BD892 /* Release */,
			);
			defaultConfigurationIsVisible = 0;
			defaultConfigurationName = Release;
		};
/* End XCConfigurationList section */
	};
	rootObject = 6AD4305D2C0F8080008BD892 /* Project object */;
}
